// !$*UTF8*$!
{
	archiveVersion = 1;
	classes = {
	};
	objectVersion = 56;
	objects = {

/* Begin PBXBuildFile section */
		99529A0C2A10AAD10053E71A /* RecordSectionView.swift in Sources */ = {isa = PBXBuildFile; fileRef = 99529A0B2A10AAD10053E71A /* RecordSectionView.swift */; };
		99529A0E2A10AADA0053E71A /* RecordSectionView.xib in Resources */ = {isa = PBXBuildFile; fileRef = 99529A0D2A10AADA0053E71A /* RecordSectionView.xib */; };
		99529A112A1280DF0053E71A /* HomeViewModel.swift in Sources */ = {isa = PBXBuildFile; fileRef = 99529A102A1280DF0053E71A /* HomeViewModel.swift */; };
		99622B802A23A57100309413 /* HomeView.swift in Sources */ = {isa = PBXBuildFile; fileRef = 99622B7F2A23A57100309413 /* HomeView.swift */; };
		99622B822A23A5A900309413 /* HomeView.xib in Resources */ = {isa = PBXBuildFile; fileRef = 99622B812A23A5A900309413 /* HomeView.xib */; };
		996C61432A0F7166008FEC41 /* AppDelegate.swift in Sources */ = {isa = PBXBuildFile; fileRef = 996C61422A0F7166008FEC41 /* AppDelegate.swift */; };
		996C61452A0F7166008FEC41 /* SceneDelegate.swift in Sources */ = {isa = PBXBuildFile; fileRef = 996C61442A0F7166008FEC41 /* SceneDelegate.swift */; };
		996C61472A0F7166008FEC41 /* ViewController.swift in Sources */ = {isa = PBXBuildFile; fileRef = 996C61462A0F7166008FEC41 /* ViewController.swift */; };
		996C614A2A0F7166008FEC41 /* Main.storyboard in Resources */ = {isa = PBXBuildFile; fileRef = 996C61482A0F7166008FEC41 /* Main.storyboard */; };
		996C614C2A0F7169008FEC41 /* Assets.xcassets in Resources */ = {isa = PBXBuildFile; fileRef = 996C614B2A0F7169008FEC41 /* Assets.xcassets */; };
		996C614F2A0F7169008FEC41 /* LaunchScreen.storyboard in Resources */ = {isa = PBXBuildFile; fileRef = 996C614D2A0F7169008FEC41 /* LaunchScreen.storyboard */; };
		996C61592A0F766C008FEC41 /* HomeViewController.swift in Sources */ = {isa = PBXBuildFile; fileRef = 996C61582A0F766B008FEC41 /* HomeViewController.swift */; };
		996C615B2A0F7680008FEC41 /* HomeViewController.xib in Resources */ = {isa = PBXBuildFile; fileRef = 996C615A2A0F7680008FEC41 /* HomeViewController.xib */; };
		996C615D2A0F8AB6008FEC41 /* UIColor+.swift in Sources */ = {isa = PBXBuildFile; fileRef = 996C615C2A0F8AB6008FEC41 /* UIColor+.swift */; };
		996C61602A0F8CD4008FEC41 /* ExtensionHepler.swift in Sources */ = {isa = PBXBuildFile; fileRef = 996C615F2A0F8CD4008FEC41 /* ExtensionHepler.swift */; };
		996C61622A0F9F3F008FEC41 /* RecordTableViewCell.xib in Resources */ = {isa = PBXBuildFile; fileRef = 996C61612A0F9F3F008FEC41 /* RecordTableViewCell.xib */; };
		996C61642A0FA3D0008FEC41 /* RecordTableViewCell.swift in Sources */ = {isa = PBXBuildFile; fileRef = 996C61632A0FA3D0008FEC41 /* RecordTableViewCell.swift */; };
		9977D0B02A21E600006B9932 /* AddRecordPageViewController.swift in Sources */ = {isa = PBXBuildFile; fileRef = 9977D0AE2A21E600006B9932 /* AddRecordPageViewController.swift */; };
		9977D0B12A21E600006B9932 /* AddRecordPageViewController.xib in Resources */ = {isa = PBXBuildFile; fileRef = 9977D0AF2A21E600006B9932 /* AddRecordPageViewController.xib */; };
		9977D0B32A223886006B9932 /* AddRecordPageViewModel.swift in Sources */ = {isa = PBXBuildFile; fileRef = 9977D0B22A223886006B9932 /* AddRecordPageViewModel.swift */; };
		9977D0B62A236454006B9932 /* RecordModel.swift in Sources */ = {isa = PBXBuildFile; fileRef = 9977D0B52A236454006B9932 /* RecordModel.swift */; };
		9977D0B82A236885006B9932 /* RecordAPIService.swift in Sources */ = {isa = PBXBuildFile; fileRef = 9977D0B72A236885006B9932 /* RecordAPIService.swift */; };
/* End PBXBuildFile section */

/* Begin PBXFileReference section */
		99529A0B2A10AAD10053E71A /* RecordSectionView.swift */ = {isa = PBXFileReference; lastKnownFileType = sourcecode.swift; path = RecordSectionView.swift; sourceTree = "<group>"; };
		99529A0D2A10AADA0053E71A /* RecordSectionView.xib */ = {isa = PBXFileReference; lastKnownFileType = file.xib; path = RecordSectionView.xib; sourceTree = "<group>"; };
		99529A102A1280DF0053E71A /* HomeViewModel.swift */ = {isa = PBXFileReference; lastKnownFileType = sourcecode.swift; path = HomeViewModel.swift; sourceTree = "<group>"; };
		99622B7F2A23A57100309413 /* HomeView.swift */ = {isa = PBXFileReference; lastKnownFileType = sourcecode.swift; path = HomeView.swift; sourceTree = "<group>"; };
		99622B812A23A5A900309413 /* HomeView.xib */ = {isa = PBXFileReference; lastKnownFileType = file.xib; path = HomeView.xib; sourceTree = "<group>"; };
		996C613F2A0F7166008FEC41 /* Money.app */ = {isa = PBXFileReference; explicitFileType = wrapper.application; includeInIndex = 0; path = Money.app; sourceTree = BUILT_PRODUCTS_DIR; };
		996C61422A0F7166008FEC41 /* AppDelegate.swift */ = {isa = PBXFileReference; lastKnownFileType = sourcecode.swift; path = AppDelegate.swift; sourceTree = "<group>"; };
		996C61442A0F7166008FEC41 /* SceneDelegate.swift */ = {isa = PBXFileReference; lastKnownFileType = sourcecode.swift; path = SceneDelegate.swift; sourceTree = "<group>"; };
		996C61462A0F7166008FEC41 /* ViewController.swift */ = {isa = PBXFileReference; lastKnownFileType = sourcecode.swift; path = ViewController.swift; sourceTree = "<group>"; };
		996C61492A0F7166008FEC41 /* Base */ = {isa = PBXFileReference; lastKnownFileType = file.storyboard; name = Base; path = Base.lproj/Main.storyboard; sourceTree = "<group>"; };
		996C614B2A0F7169008FEC41 /* Assets.xcassets */ = {isa = PBXFileReference; lastKnownFileType = folder.assetcatalog; path = Assets.xcassets; sourceTree = "<group>"; };
		996C614E2A0F7169008FEC41 /* Base */ = {isa = PBXFileReference; lastKnownFileType = file.storyboard; name = Base; path = Base.lproj/LaunchScreen.storyboard; sourceTree = "<group>"; };
		996C61502A0F7169008FEC41 /* Info.plist */ = {isa = PBXFileReference; lastKnownFileType = text.plist.xml; path = Info.plist; sourceTree = "<group>"; };
		996C61582A0F766B008FEC41 /* HomeViewController.swift */ = {isa = PBXFileReference; lastKnownFileType = sourcecode.swift; path = HomeViewController.swift; sourceTree = "<group>"; };
		996C615A2A0F7680008FEC41 /* HomeViewController.xib */ = {isa = PBXFileReference; lastKnownFileType = file.xib; path = HomeViewController.xib; sourceTree = "<group>"; };
		996C615C2A0F8AB6008FEC41 /* UIColor+.swift */ = {isa = PBXFileReference; lastKnownFileType = sourcecode.swift; path = "UIColor+.swift"; sourceTree = "<group>"; };
		996C615F2A0F8CD4008FEC41 /* ExtensionHepler.swift */ = {isa = PBXFileReference; lastKnownFileType = sourcecode.swift; path = ExtensionHepler.swift; sourceTree = "<group>"; };
		996C61612A0F9F3F008FEC41 /* RecordTableViewCell.xib */ = {isa = PBXFileReference; lastKnownFileType = file.xib; path = RecordTableViewCell.xib; sourceTree = "<group>"; };
		996C61632A0FA3D0008FEC41 /* RecordTableViewCell.swift */ = {isa = PBXFileReference; lastKnownFileType = sourcecode.swift; path = RecordTableViewCell.swift; sourceTree = "<group>"; };
		9977D0AE2A21E600006B9932 /* AddRecordPageViewController.swift */ = {isa = PBXFileReference; lastKnownFileType = sourcecode.swift; path = AddRecordPageViewController.swift; sourceTree = "<group>"; };
		9977D0AF2A21E600006B9932 /* AddRecordPageViewController.xib */ = {isa = PBXFileReference; lastKnownFileType = file.xib; path = AddRecordPageViewController.xib; sourceTree = "<group>"; };
		9977D0B22A223886006B9932 /* AddRecordPageViewModel.swift */ = {isa = PBXFileReference; lastKnownFileType = sourcecode.swift; path = AddRecordPageViewModel.swift; sourceTree = "<group>"; };
		9977D0B52A236454006B9932 /* RecordModel.swift */ = {isa = PBXFileReference; lastKnownFileType = sourcecode.swift; path = RecordModel.swift; sourceTree = "<group>"; };
		9977D0B72A236885006B9932 /* RecordAPIService.swift */ = {isa = PBXFileReference; lastKnownFileType = sourcecode.swift; path = RecordAPIService.swift; sourceTree = "<group>"; };
/* End PBXFileReference section */

/* Begin PBXFrameworksBuildPhase section */
		996C613C2A0F7166008FEC41 /* Frameworks */ = {
			isa = PBXFrameworksBuildPhase;
			buildActionMask = 2147483647;
			files = (
			);
			runOnlyForDeploymentPostprocessing = 0;
		};
/* End PBXFrameworksBuildPhase section */

/* Begin PBXGroup section */
		99529A0F2A1280A70053E71A /* Home */ = {
			isa = PBXGroup;
			children = (
				9977D0B42A236445006B9932 /* Model */,
				996C61582A0F766B008FEC41 /* HomeViewController.swift */,
				996C615A2A0F7680008FEC41 /* HomeViewController.xib */,
				99529A102A1280DF0053E71A /* HomeViewModel.swift */,
				996C61562A0F7326008FEC41 /* View */,
			);
			path = Home;
			sourceTree = "<group>";
		};
		996C61362A0F7166008FEC41 = {
			isa = PBXGroup;
			children = (
				996C61412A0F7166008FEC41 /* Money */,
				996C61402A0F7166008FEC41 /* Products */,
			);
			sourceTree = "<group>";
		};
		996C61402A0F7166008FEC41 /* Products */ = {
			isa = PBXGroup;
			children = (
				996C613F2A0F7166008FEC41 /* Money.app */,
			);
			name = Products;
			sourceTree = "<group>";
		};
		996C61412A0F7166008FEC41 /* Money */ = {
			isa = PBXGroup;
			children = (
				99529A0F2A1280A70053E71A /* Home */,
				9977D0AD2A21E4FD006B9932 /* AddRecordPage */,
				996C615E2A0F8AB9008FEC41 /* Helper */,
				996C61422A0F7166008FEC41 /* AppDelegate.swift */,
				996C61442A0F7166008FEC41 /* SceneDelegate.swift */,
				996C61462A0F7166008FEC41 /* ViewController.swift */,
				996C61482A0F7166008FEC41 /* Main.storyboard */,
				996C614B2A0F7169008FEC41 /* Assets.xcassets */,
				996C614D2A0F7169008FEC41 /* LaunchScreen.storyboard */,
				996C61502A0F7169008FEC41 /* Info.plist */,
			);
			path = Money;
			sourceTree = "<group>";
		};
		996C61562A0F7326008FEC41 /* View */ = {
			isa = PBXGroup;
			children = (
				99622B7F2A23A57100309413 /* HomeView.swift */,
				99622B812A23A5A900309413 /* HomeView.xib */,
				99529A0B2A10AAD10053E71A /* RecordSectionView.swift */,
				99529A0D2A10AADA0053E71A /* RecordSectionView.xib */,
				996C61632A0FA3D0008FEC41 /* RecordTableViewCell.swift */,
				996C61612A0F9F3F008FEC41 /* RecordTableViewCell.xib */,
			);
			path = View;
			sourceTree = "<group>";
		};
		996C615E2A0F8AB9008FEC41 /* Helper */ = {
			isa = PBXGroup;
			children = (
				996C615C2A0F8AB6008FEC41 /* UIColor+.swift */,
				996C615F2A0F8CD4008FEC41 /* ExtensionHepler.swift */,
				9977D0B72A236885006B9932 /* RecordAPIService.swift */,
			);
			path = Helper;
			sourceTree = "<group>";
		};
		9977D0AD2A21E4FD006B9932 /* AddRecordPage */ = {
			isa = PBXGroup;
			children = (
				9977D0AE2A21E600006B9932 /* AddRecordPageViewController.swift */,
				9977D0AF2A21E600006B9932 /* AddRecordPageViewController.xib */,
				9977D0B22A223886006B9932 /* AddRecordPageViewModel.swift */,
			);
			path = AddRecordPage;
			sourceTree = "<group>";
		};
		9977D0B42A236445006B9932 /* Model */ = {
			isa = PBXGroup;
			children = (
				9977D0B52A236454006B9932 /* RecordModel.swift */,
			);
			path = Model;
			sourceTree = "<group>";
		};
/* End PBXGroup section */

/* Begin PBXNativeTarget section */
		996C613E2A0F7166008FEC41 /* Money */ = {
			isa = PBXNativeTarget;
			buildConfigurationList = 996C61532A0F7169008FEC41 /* Build configuration list for PBXNativeTarget "Money" */;
			buildPhases = (
				996C613B2A0F7166008FEC41 /* Sources */,
				996C613C2A0F7166008FEC41 /* Frameworks */,
				996C613D2A0F7166008FEC41 /* Resources */,
			);
			buildRules = (
			);
			dependencies = (
			);
			name = Money;
			productName = Money;
			productReference = 996C613F2A0F7166008FEC41 /* Money.app */;
			productType = "com.apple.product-type.application";
		};
/* End PBXNativeTarget section */

/* Begin PBXProject section */
		996C61372A0F7166008FEC41 /* Project object */ = {
			isa = PBXProject;
			attributes = {
				BuildIndependentTargetsInParallel = 1;
				LastSwiftUpdateCheck = 1410;
				LastUpgradeCheck = 1410;
				TargetAttributes = {
					996C613E2A0F7166008FEC41 = {
						CreatedOnToolsVersion = 14.1;
					};
				};
			};
			buildConfigurationList = 996C613A2A0F7166008FEC41 /* Build configuration list for PBXProject "Money" */;
			compatibilityVersion = "Xcode 14.0";
			developmentRegion = en;
			hasScannedForEncodings = 0;
			knownRegions = (
				en,
				Base,
			);
			mainGroup = 996C61362A0F7166008FEC41;
			productRefGroup = 996C61402A0F7166008FEC41 /* Products */;
			projectDirPath = "";
			projectRoot = "";
			targets = (
				996C613E2A0F7166008FEC41 /* Money */,
			);
		};
/* End PBXProject section */

/* Begin PBXResourcesBuildPhase section */
		996C613D2A0F7166008FEC41 /* Resources */ = {
			isa = PBXResourcesBuildPhase;
			buildActionMask = 2147483647;
			files = (
				996C614F2A0F7169008FEC41 /* LaunchScreen.storyboard in Resources */,
				99622B822A23A5A900309413 /* HomeView.xib in Resources */,
				9977D0B12A21E600006B9932 /* AddRecordPageViewController.xib in Resources */,
				996C614C2A0F7169008FEC41 /* Assets.xcassets in Resources */,
				996C614A2A0F7166008FEC41 /* Main.storyboard in Resources */,
				99529A0E2A10AADA0053E71A /* RecordSectionView.xib in Resources */,
				996C61622A0F9F3F008FEC41 /* RecordTableViewCell.xib in Resources */,
				996C615B2A0F7680008FEC41 /* HomeViewController.xib in Resources */,
			);
			runOnlyForDeploymentPostprocessing = 0;
		};
/* End PBXResourcesBuildPhase section */

/* Begin PBXSourcesBuildPhase section */
		996C613B2A0F7166008FEC41 /* Sources */ = {
			isa = PBXSourcesBuildPhase;
			buildActionMask = 2147483647;
			files = (
				996C61472A0F7166008FEC41 /* ViewController.swift in Sources */,
				99622B802A23A57100309413 /* HomeView.swift in Sources */,
				99529A112A1280DF0053E71A /* HomeViewModel.swift in Sources */,
				996C61432A0F7166008FEC41 /* AppDelegate.swift in Sources */,
				996C61642A0FA3D0008FEC41 /* RecordTableViewCell.swift in Sources */,
				9977D0B32A223886006B9932 /* AddRecordPageViewModel.swift in Sources */,
				996C61452A0F7166008FEC41 /* SceneDelegate.swift in Sources */,
				996C61602A0F8CD4008FEC41 /* ExtensionHepler.swift in Sources */,
				99529A0C2A10AAD10053E71A /* RecordSectionView.swift in Sources */,
				9977D0B62A236454006B9932 /* RecordModel.swift in Sources */,
				9977D0B82A236885006B9932 /* RecordAPIService.swift in Sources */,
				996C615D2A0F8AB6008FEC41 /* UIColor+.swift in Sources */,
				9977D0B02A21E600006B9932 /* AddRecordPageViewController.swift in Sources */,
				996C61592A0F766C008FEC41 /* HomeViewController.swift in Sources */,
			);
			runOnlyForDeploymentPostprocessing = 0;
		};
/* End PBXSourcesBuildPhase section */

/* Begin PBXVariantGroup section */
		996C61482A0F7166008FEC41 /* Main.storyboard */ = {
			isa = PBXVariantGroup;
			children = (
				996C61492A0F7166008FEC41 /* Base */,
			);
			name = Main.storyboard;
			sourceTree = "<group>";
		};
		996C614D2A0F7169008FEC41 /* LaunchScreen.storyboard */ = {
			isa = PBXVariantGroup;
			children = (
				996C614E2A0F7169008FEC41 /* Base */,
			);
			name = LaunchScreen.storyboard;
			sourceTree = "<group>";
		};
/* End PBXVariantGroup section */

/* Begin XCBuildConfiguration section */
		996C61512A0F7169008FEC41 /* Debug */ = {
			isa = XCBuildConfiguration;
			buildSettings = {
				ALWAYS_SEARCH_USER_PATHS = NO;
				CLANG_ANALYZER_NONNULL = YES;
				CLANG_ANALYZER_NUMBER_OBJECT_CONVERSION = YES_AGGRESSIVE;
				CLANG_CXX_LANGUAGE_STANDARD = "gnu++20";
				CLANG_ENABLE_MODULES = YES;
				CLANG_ENABLE_OBJC_ARC = YES;
				CLANG_ENABLE_OBJC_WEAK = YES;
				CLANG_WARN_BLOCK_CAPTURE_AUTORELEASING = YES;
				CLANG_WARN_BOOL_CONVERSION = YES;
				CLANG_WARN_COMMA = YES;
				CLANG_WARN_CONSTANT_CONVERSION = YES;
				CLANG_WARN_DEPRECATED_OBJC_IMPLEMENTATIONS = YES;
				CLANG_WARN_DIRECT_OBJC_ISA_USAGE = YES_ERROR;
				CLANG_WARN_DOCUMENTATION_COMMENTS = YES;
				CLANG_WARN_EMPTY_BODY = YES;
				CLANG_WARN_ENUM_CONVERSION = YES;
				CLANG_WARN_INFINITE_RECURSION = YES;
				CLANG_WARN_INT_CONVERSION = YES;
				CLANG_WARN_NON_LITERAL_NULL_CONVERSION = YES;
				CLANG_WARN_OBJC_IMPLICIT_RETAIN_SELF = YES;
				CLANG_WARN_OBJC_LITERAL_CONVERSION = YES;
				CLANG_WARN_OBJC_ROOT_CLASS = YES_ERROR;
				CLANG_WARN_QUOTED_INCLUDE_IN_FRAMEWORK_HEADER = YES;
				CLANG_WARN_RANGE_LOOP_ANALYSIS = YES;
				CLANG_WARN_STRICT_PROTOTYPES = YES;
				CLANG_WARN_SUSPICIOUS_MOVE = YES;
				CLANG_WARN_UNGUARDED_AVAILABILITY = YES_AGGRESSIVE;
				CLANG_WARN_UNREACHABLE_CODE = YES;
				CLANG_WARN__DUPLICATE_METHOD_MATCH = YES;
				COPY_PHASE_STRIP = NO;
				DEBUG_INFORMATION_FORMAT = dwarf;
				ENABLE_STRICT_OBJC_MSGSEND = YES;
				ENABLE_TESTABILITY = YES;
				GCC_C_LANGUAGE_STANDARD = gnu11;
				GCC_DYNAMIC_NO_PIC = NO;
				GCC_NO_COMMON_BLOCKS = YES;
				GCC_OPTIMIZATION_LEVEL = 0;
				GCC_PREPROCESSOR_DEFINITIONS = (
					"DEBUG=1",
					"$(inherited)",
				);
				GCC_WARN_64_TO_32_BIT_CONVERSION = YES;
				GCC_WARN_ABOUT_RETURN_TYPE = YES_ERROR;
				GCC_WARN_UNDECLARED_SELECTOR = YES;
				GCC_WARN_UNINITIALIZED_AUTOS = YES_AGGRESSIVE;
				GCC_WARN_UNUSED_FUNCTION = YES;
				GCC_WARN_UNUSED_VARIABLE = YES;
				IPHONEOS_DEPLOYMENT_TARGET = 16.1;
				MTL_ENABLE_DEBUG_INFO = INCLUDE_SOURCE;
				MTL_FAST_MATH = YES;
				ONLY_ACTIVE_ARCH = YES;
				SDKROOT = iphoneos;
				SWIFT_ACTIVE_COMPILATION_CONDITIONS = DEBUG;
				SWIFT_OPTIMIZATION_LEVEL = "-Onone";
			};
			name = Debug;
		};
		996C61522A0F7169008FEC41 /* Release */ = {
			isa = XCBuildConfiguration;
			buildSettings = {
				ALWAYS_SEARCH_USER_PATHS = NO;
				CLANG_ANALYZER_NONNULL = YES;
				CLANG_ANALYZER_NUMBER_OBJECT_CONVERSION = YES_AGGRESSIVE;
				CLANG_CXX_LANGUAGE_STANDARD = "gnu++20";
				CLANG_ENABLE_MODULES = YES;
				CLANG_ENABLE_OBJC_ARC = YES;
				CLANG_ENABLE_OBJC_WEAK = YES;
				CLANG_WARN_BLOCK_CAPTURE_AUTORELEASING = YES;
				CLANG_WARN_BOOL_CONVERSION = YES;
				CLANG_WARN_COMMA = YES;
				CLANG_WARN_CONSTANT_CONVERSION = YES;
				CLANG_WARN_DEPRECATED_OBJC_IMPLEMENTATIONS = YES;
				CLANG_WARN_DIRECT_OBJC_ISA_USAGE = YES_ERROR;
				CLANG_WARN_DOCUMENTATION_COMMENTS = YES;
				CLANG_WARN_EMPTY_BODY = YES;
				CLANG_WARN_ENUM_CONVERSION = YES;
				CLANG_WARN_INFINITE_RECURSION = YES;
				CLANG_WARN_INT_CONVERSION = YES;
				CLANG_WARN_NON_LITERAL_NULL_CONVERSION = YES;
				CLANG_WARN_OBJC_IMPLICIT_RETAIN_SELF = YES;
				CLANG_WARN_OBJC_LITERAL_CONVERSION = YES;
				CLANG_WARN_OBJC_ROOT_CLASS = YES_ERROR;
				CLANG_WARN_QUOTED_INCLUDE_IN_FRAMEWORK_HEADER = YES;
				CLANG_WARN_RANGE_LOOP_ANALYSIS = YES;
				CLANG_WARN_STRICT_PROTOTYPES = YES;
				CLANG_WARN_SUSPICIOUS_MOVE = YES;
				CLANG_WARN_UNGUARDED_AVAILABILITY = YES_AGGRESSIVE;
				CLANG_WARN_UNREACHABLE_CODE = YES;
				CLANG_WARN__DUPLICATE_METHOD_MATCH = YES;
				COPY_PHASE_STRIP = NO;
				DEBUG_INFORMATION_FORMAT = "dwarf-with-dsym";
				ENABLE_NS_ASSERTIONS = NO;
				ENABLE_STRICT_OBJC_MSGSEND = YES;
				GCC_C_LANGUAGE_STANDARD = gnu11;
				GCC_NO_COMMON_BLOCKS = YES;
				GCC_WARN_64_TO_32_BIT_CONVERSION = YES;
				GCC_WARN_ABOUT_RETURN_TYPE = YES_ERROR;
				GCC_WARN_UNDECLARED_SELECTOR = YES;
				GCC_WARN_UNINITIALIZED_AUTOS = YES_AGGRESSIVE;
				GCC_WARN_UNUSED_FUNCTION = YES;
				GCC_WARN_UNUSED_VARIABLE = YES;
				IPHONEOS_DEPLOYMENT_TARGET = 16.1;
				MTL_ENABLE_DEBUG_INFO = NO;
				MTL_FAST_MATH = YES;
				SDKROOT = iphoneos;
				SWIFT_COMPILATION_MODE = wholemodule;
				SWIFT_OPTIMIZATION_LEVEL = "-O";
				VALIDATE_PRODUCT = YES;
			};
			name = Release;
		};
		996C61542A0F7169008FEC41 /* Debug */ = {
			isa = XCBuildConfiguration;
			buildSettings = {
				ASSETCATALOG_COMPILER_APPICON_NAME = AppIcon;
				ASSETCATALOG_COMPILER_GLOBAL_ACCENT_COLOR_NAME = AccentColor;
				CODE_SIGN_STYLE = Automatic;
				CURRENT_PROJECT_VERSION = 1;
				GENERATE_INFOPLIST_FILE = YES;
				INFOPLIST_FILE = Money/Info.plist;
				INFOPLIST_KEY_UIApplicationSupportsIndirectInputEvents = YES;
				INFOPLIST_KEY_UILaunchStoryboardName = LaunchScreen;
				INFOPLIST_KEY_UIMainStoryboardFile = Main;
				INFOPLIST_KEY_UISupportedInterfaceOrientations_iPad = "UIInterfaceOrientationPortrait UIInterfaceOrientationPortraitUpsideDown UIInterfaceOrientationLandscapeLeft UIInterfaceOrientationLandscapeRight";
				INFOPLIST_KEY_UISupportedInterfaceOrientations_iPhone = "UIInterfaceOrientationPortrait UIInterfaceOrientationLandscapeLeft UIInterfaceOrientationLandscapeRight";
				LD_RUNPATH_SEARCH_PATHS = (
					"$(inherited)",
					"@executable_path/Frameworks",
				);
				MARKETING_VERSION = 1.0;
				PRODUCT_BUNDLE_IDENTIFIER = com.vicki.Money;
				PRODUCT_NAME = "$(TARGET_NAME)";
				SWIFT_EMIT_LOC_STRINGS = YES;
				SWIFT_VERSION = 5.0;
				TARGETED_DEVICE_FAMILY = "1,2";
			};
			name = Debug;
		};
		996C61552A0F7169008FEC41 /* Release */ = {
			isa = XCBuildConfiguration;
			buildSettings = {
				ASSETCATALOG_COMPILER_APPICON_NAME = AppIcon;
				ASSETCATALOG_COMPILER_GLOBAL_ACCENT_COLOR_NAME = AccentColor;
				CODE_SIGN_STYLE = Automatic;
				CURRENT_PROJECT_VERSION = 1;
				GENERATE_INFOPLIST_FILE = YES;
				INFOPLIST_FILE = Money/Info.plist;
				INFOPLIST_KEY_UIApplicationSupportsIndirectInputEvents = YES;
				INFOPLIST_KEY_UILaunchStoryboardName = LaunchScreen;
				INFOPLIST_KEY_UIMainStoryboardFile = Main;
				INFOPLIST_KEY_UISupportedInterfaceOrientations_iPad = "UIInterfaceOrientationPortrait UIInterfaceOrientationPortraitUpsideDown UIInterfaceOrientationLandscapeLeft UIInterfaceOrientationLandscapeRight";
				INFOPLIST_KEY_UISupportedInterfaceOrientations_iPhone = "UIInterfaceOrientationPortrait UIInterfaceOrientationLandscapeLeft UIInterfaceOrientationLandscapeRight";
				LD_RUNPATH_SEARCH_PATHS = (
					"$(inherited)",
					"@executable_path/Frameworks",
				);
				MARKETING_VERSION = 1.0;
				PRODUCT_BUNDLE_IDENTIFIER = com.vicki.Money;
				PRODUCT_NAME = "$(TARGET_NAME)";
				SWIFT_EMIT_LOC_STRINGS = YES;
				SWIFT_VERSION = 5.0;
				TARGETED_DEVICE_FAMILY = "1,2";
			};
			name = Release;
		};
/* End XCBuildConfiguration section */

/* Begin XCConfigurationList section */
		996C613A2A0F7166008FEC41 /* Build configuration list for PBXProject "Money" */ = {
			isa = XCConfigurationList;
			buildConfigurations = (
				996C61512A0F7169008FEC41 /* Debug */,
				996C61522A0F7169008FEC41 /* Release */,
			);
			defaultConfigurationIsVisible = 0;
			defaultConfigurationName = Release;
		};
		996C61532A0F7169008FEC41 /* Build configuration list for PBXNativeTarget "Money" */ = {
			isa = XCConfigurationList;
			buildConfigurations = (
				996C61542A0F7169008FEC41 /* Debug */,
				996C61552A0F7169008FEC41 /* Release */,
			);
			defaultConfigurationIsVisible = 0;
			defaultConfigurationName = Release;
		};
/* End XCConfigurationList section */
	};
	rootObject = 996C61372A0F7166008FEC41 /* Project object */;
}
